
Microsoft Visual Studio Solution File, Format Version 12.00
# Visual Studio Version 17
VisualStudioVersion = 17.1.32228.430
MinimumVisualStudioVersion = 10.0.40219.1
Project("{FAE04EC0-301F-11D3-BF4B-00C04F79EFBC}") = "Alunos", "Alunos\Alunos.csproj", "{8F0554DC-4742-4DDF-B04B-709241C9270F}"
EndProject
Global
	GlobalSection(SolutionConfigurationPlatforms) = preSolution
		Debug|Any CPU = Debug|Any CPU
		Release|Any CPU = Release|Any CPU
	EndGlobalSection
	GlobalSection(ProjectConfigurationPlatforms) = postSolution
		{8F0554DC-4742-4DDF-B04B-709241C9270F}.Debug|Any CPU.ActiveCfg = Debug|Any CPU
		{8F0554DC-4742-4DDF-B04B-709241C9270F}.Debug|Any CPU.Build.0 = Debug|Any CPU
		{8F0554DC-4742-4DDF-B04B-709241C9270F}.Release|Any CPU.ActiveCfg = Release|Any CPU
		{8F0554DC-4742-4DDF-B04B-709241C9270F}.Release|Any CPU.Build.0 = Release|Any CPU
	EndGlobalSection
	GlobalSection(SolutionProperties) = preSolution
		HideSolutionNode = FALSE
	EndGlobalSection
	GlobalSection(ExtensibilityGlobals) = postSolution
		SolutionGuid = {7356F51F-09F1-497C-A1EB-79E81C51AA4A}
	EndGlobalSection
EndGlobal
